
Microsoft Visual Studio Solution File, Format Version 12.00
# Visual Studio 15
VisualStudioVersion = 15.0.27703.2042
MinimumVisualStudioVersion = 10.0.40219.1
Project("{9A19103F-16F7-4668-BE54-9A1E7A4F7556}") = "playground", "playground\playground.csproj", "{FBF28F10-1210-452F-99EA-00E6DA88226A}"
EndProject
Project("{9A19103F-16F7-4668-BE54-9A1E7A4F7556}") = "LingOverArrays", "LingOverArrays\LingOverArrays.csproj", "{DE9655B3-BED5-4A85-9CF3-41744272B8CF}"
EndProject
Project("{9A19103F-16F7-4668-BE54-9A1E7A4F7556}") = "FunWithLinkExpressions", "FunWithLinkExpressions\FunWithLinkExpressions.csproj", "{B15782DC-52DC-47FD-A805-AC89FC1D1CC9}"
EndProject
Project("{9A19103F-16F7-4668-BE54-9A1E7A4F7556}") = "LinkUsingEnumerables", "LinkUsingEnumerables\LinkUsingEnumerables.csproj", "{4DDB7471-3389-4B88-A6EF-F940D21FCEB5}"
EndProject
Project("{FAE04EC0-301F-11D3-BF4B-00C04F79EFBC}") = "CarLibrary", "CarLibrary\CarLibrary.csproj", "{1EBA5360-38D4-42C9-A123-51B86CF3CE34}"
EndProject
Project("{2150E333-8FDC-42A3-9474-1A3956D46DE8}") = "WPF", "WPF", "{77E845D8-7506-4257-97C7-2C89DE554292}"
EndProject
Project("{FAE04EC0-301F-11D3-BF4B-00C04F79EFBC}") = "WpfApp1", "WPF\WpfApp1\WpfApp1.csproj", "{AB2E8E45-CB99-48FB-A934-04E1266C3071}"
EndProject
Project("{FAE04EC0-301F-11D3-BF4B-00C04F79EFBC}") = "WpfBinaryResourcesApp", "wpf\WpfBinaryResourcesApp\WpfBinaryResourcesApp.csproj", "{E6636245-1EA0-4F7E-9988-D4BB6AFD9794}"
EndProject
Project("{FAE04EC0-301F-11D3-BF4B-00C04F79EFBC}") = "WpfObjectResourceApp", "wpf\WpfObjectResourceApp\WpfObjectResourceApp.csproj", "{250604AF-A906-4A45-84F3-8030BF73E9A4}"
EndProject
Project("{FAE04EC0-301F-11D3-BF4B-00C04F79EFBC}") = "WpfTreesAndTemplatesApp", "wpf\WpfTreesAndTemplatesApp\WpfTreesAndTemplatesApp.csproj", "{B92712C6-3B19-4826-9A19-1B58EEE074B1}"
EndProject
Project("{FAE04EC0-301F-11D3-BF4B-00C04F79EFBC}") = "WpfNotificationsApp", "wpf\WpfNotificationsApp\WpfNotificationsApp.csproj", "{CE552830-592E-4B2B-97EB-851600DF6CED}"
EndProject
Project("{2150E333-8FDC-42A3-9474-1A3956D46DE8}") = "Threading", "Threading", "{59687B58-8972-45C9-9851-C048C213F185}"
EndProject
Project("{FAE04EC0-301F-11D3-BF4B-00C04F79EFBC}") = "ThreadingApp", "ThreadingApp\ThreadingApp.csproj", "{586221CF-157D-46A0-9177-49C1E90E7927}"
EndProject
Project("{FAE04EC0-301F-11D3-BF4B-00C04F79EFBC}") = "DataParallelismWithForEach", "Threading\DataParallelismWithForEach\DataParallelismWithForEach.csproj", "{592B7A46-9F76-46DF-BE8B-2A6A9BC75D1B}"
EndProject
Project("{2150E333-8FDC-42A3-9474-1A3956D46DE8}") = "Data", "Data", "{665B99E5-7742-48DD-BC4B-161A9238DE6B}"
EndProject
Project("{FAE04EC0-301F-11D3-BF4B-00C04F79EFBC}") = "DataProviderFactory", "Data\DataProviderFactory\DataProviderFactory.csproj", "{1A326AB0-9382-48A0-B604-58EAD5737F98}"
EndProject
Project("{FAE04EC0-301F-11D3-BF4B-00C04F79EFBC}") = "AutoLadDat", "data\AutoLadDat\AutoLadDat.csproj", "{35465B3F-776B-4973-8253-D3A1A88F7929}"
EndProject
Project("{FAE04EC0-301F-11D3-BF4B-00C04F79EFBC}") = "AutoLadConsoleApp", "Data\AutoLadConsoleApp\AutoLadConsoleApp.csproj", "{B5041E7C-6045-4D4A-AE79-02F11A2D7CAE}"
EndProject
Project("{FAE04EC0-301F-11D3-BF4B-00C04F79EFBC}") = "AutoLotDAL", "Data\AutoLotDAL\AutoLotDAL.csproj", "{E9B7F6AA-42D4-45F5-AC17-608F48DD2C82}"
EndProject
Global
	GlobalSection(SolutionConfigurationPlatforms) = preSolution
		Debug|Any CPU = Debug|Any CPU
		Release|Any CPU = Release|Any CPU
	EndGlobalSection
	GlobalSection(ProjectConfigurationPlatforms) = postSolution
		{FBF28F10-1210-452F-99EA-00E6DA88226A}.Debug|Any CPU.ActiveCfg = Debug|Any CPU
		{FBF28F10-1210-452F-99EA-00E6DA88226A}.Debug|Any CPU.Build.0 = Debug|Any CPU
		{FBF28F10-1210-452F-99EA-00E6DA88226A}.Release|Any CPU.ActiveCfg = Release|Any CPU
		{FBF28F10-1210-452F-99EA-00E6DA88226A}.Release|Any CPU.Build.0 = Release|Any CPU
		{DE9655B3-BED5-4A85-9CF3-41744272B8CF}.Debug|Any CPU.ActiveCfg = Debug|Any CPU
		{DE9655B3-BED5-4A85-9CF3-41744272B8CF}.Debug|Any CPU.Build.0 = Debug|Any CPU
		{DE9655B3-BED5-4A85-9CF3-41744272B8CF}.Release|Any CPU.ActiveCfg = Release|Any CPU
		{DE9655B3-BED5-4A85-9CF3-41744272B8CF}.Release|Any CPU.Build.0 = Release|Any CPU
		{B15782DC-52DC-47FD-A805-AC89FC1D1CC9}.Debug|Any CPU.ActiveCfg = Debug|Any CPU
		{B15782DC-52DC-47FD-A805-AC89FC1D1CC9}.Debug|Any CPU.Build.0 = Debug|Any CPU
		{B15782DC-52DC-47FD-A805-AC89FC1D1CC9}.Release|Any CPU.ActiveCfg = Release|Any CPU
		{B15782DC-52DC-47FD-A805-AC89FC1D1CC9}.Release|Any CPU.Build.0 = Release|Any CPU
		{4DDB7471-3389-4B88-A6EF-F940D21FCEB5}.Debug|Any CPU.ActiveCfg = Debug|Any CPU
		{4DDB7471-3389-4B88-A6EF-F940D21FCEB5}.Debug|Any CPU.Build.0 = Debug|Any CPU
		{4DDB7471-3389-4B88-A6EF-F940D21FCEB5}.Release|Any CPU.ActiveCfg = Release|Any CPU
		{4DDB7471-3389-4B88-A6EF-F940D21FCEB5}.Release|Any CPU.Build.0 = Release|Any CPU
		{1EBA5360-38D4-42C9-A123-51B86CF3CE34}.Debug|Any CPU.ActiveCfg = Debug|Any CPU
		{1EBA5360-38D4-42C9-A123-51B86CF3CE34}.Debug|Any CPU.Build.0 = Debug|Any CPU
		{1EBA5360-38D4-42C9-A123-51B86CF3CE34}.Release|Any CPU.ActiveCfg = Release|Any CPU
		{1EBA5360-38D4-42C9-A123-51B86CF3CE34}.Release|Any CPU.Build.0 = Release|Any CPU
		{AB2E8E45-CB99-48FB-A934-04E1266C3071}.Debug|Any CPU.ActiveCfg = Debug|Any CPU
		{AB2E8E45-CB99-48FB-A934-04E1266C3071}.Debug|Any CPU.Build.0 = Debug|Any CPU
		{AB2E8E45-CB99-48FB-A934-04E1266C3071}.Release|Any CPU.ActiveCfg = Release|Any CPU
		{AB2E8E45-CB99-48FB-A934-04E1266C3071}.Release|Any CPU.Build.0 = Release|Any CPU
		{E6636245-1EA0-4F7E-9988-D4BB6AFD9794}.Debug|Any CPU.ActiveCfg = Debug|Any CPU
		{E6636245-1EA0-4F7E-9988-D4BB6AFD9794}.Debug|Any CPU.Build.0 = Debug|Any CPU
		{E6636245-1EA0-4F7E-9988-D4BB6AFD9794}.Release|Any CPU.ActiveCfg = Release|Any CPU
		{E6636245-1EA0-4F7E-9988-D4BB6AFD9794}.Release|Any CPU.Build.0 = Release|Any CPU
		{250604AF-A906-4A45-84F3-8030BF73E9A4}.Debug|Any CPU.ActiveCfg = Debug|Any CPU
		{250604AF-A906-4A45-84F3-8030BF73E9A4}.Debug|Any CPU.Build.0 = Debug|Any CPU
		{250604AF-A906-4A45-84F3-8030BF73E9A4}.Release|Any CPU.ActiveCfg = Release|Any CPU
		{250604AF-A906-4A45-84F3-8030BF73E9A4}.Release|Any CPU.Build.0 = Release|Any CPU
		{B92712C6-3B19-4826-9A19-1B58EEE074B1}.Debug|Any CPU.ActiveCfg = Debug|Any CPU
		{B92712C6-3B19-4826-9A19-1B58EEE074B1}.Debug|Any CPU.Build.0 = Debug|Any CPU
		{B92712C6-3B19-4826-9A19-1B58EEE074B1}.Release|Any CPU.ActiveCfg = Release|Any CPU
		{B92712C6-3B19-4826-9A19-1B58EEE074B1}.Release|Any CPU.Build.0 = Release|Any CPU
		{CE552830-592E-4B2B-97EB-851600DF6CED}.Debug|Any CPU.ActiveCfg = Debug|Any CPU
		{CE552830-592E-4B2B-97EB-851600DF6CED}.Debug|Any CPU.Build.0 = Debug|Any CPU
		{CE552830-592E-4B2B-97EB-851600DF6CED}.Release|Any CPU.ActiveCfg = Release|Any CPU
		{CE552830-592E-4B2B-97EB-851600DF6CED}.Release|Any CPU.Build.0 = Release|Any CPU
		{586221CF-157D-46A0-9177-49C1E90E7927}.Debug|Any CPU.ActiveCfg = Debug|Any CPU
		{586221CF-157D-46A0-9177-49C1E90E7927}.Debug|Any CPU.Build.0 = Debug|Any CPU
		{586221CF-157D-46A0-9177-49C1E90E7927}.Release|Any CPU.ActiveCfg = Release|Any CPU
		{586221CF-157D-46A0-9177-49C1E90E7927}.Release|Any CPU.Build.0 = Release|Any CPU
		{592B7A46-9F76-46DF-BE8B-2A6A9BC75D1B}.Debug|Any CPU.ActiveCfg = Debug|Any CPU
		{592B7A46-9F76-46DF-BE8B-2A6A9BC75D1B}.Debug|Any CPU.Build.0 = Debug|Any CPU
		{592B7A46-9F76-46DF-BE8B-2A6A9BC75D1B}.Release|Any CPU.ActiveCfg = Release|Any CPU
		{592B7A46-9F76-46DF-BE8B-2A6A9BC75D1B}.Release|Any CPU.Build.0 = Release|Any CPU
		{1A326AB0-9382-48A0-B604-58EAD5737F98}.Debug|Any CPU.ActiveCfg = Debug|Any CPU
		{1A326AB0-9382-48A0-B604-58EAD5737F98}.Debug|Any CPU.Build.0 = Debug|Any CPU
		{1A326AB0-9382-48A0-B604-58EAD5737F98}.Release|Any CPU.ActiveCfg = Release|Any CPU
		{1A326AB0-9382-48A0-B604-58EAD5737F98}.Release|Any CPU.Build.0 = Release|Any CPU
		{35465B3F-776B-4973-8253-D3A1A88F7929}.Debug|Any CPU.ActiveCfg = Debug|Any CPU
		{35465B3F-776B-4973-8253-D3A1A88F7929}.Debug|Any CPU.Build.0 = Debug|Any CPU
		{35465B3F-776B-4973-8253-D3A1A88F7929}.Release|Any CPU.ActiveCfg = Release|Any CPU
		{35465B3F-776B-4973-8253-D3A1A88F7929}.Release|Any CPU.Build.0 = Release|Any CPU
		{B5041E7C-6045-4D4A-AE79-02F11A2D7CAE}.Debug|Any CPU.ActiveCfg = Debug|Any CPU
		{B5041E7C-6045-4D4A-AE79-02F11A2D7CAE}.Debug|Any CPU.Build.0 = Debug|Any CPU
		{B5041E7C-6045-4D4A-AE79-02F11A2D7CAE}.Release|Any CPU.ActiveCfg = Release|Any CPU
		{B5041E7C-6045-4D4A-AE79-02F11A2D7CAE}.Release|Any CPU.Build.0 = Release|Any CPU
		{E9B7F6AA-42D4-45F5-AC17-608F48DD2C82}.Debug|Any CPU.ActiveCfg = Debug|Any CPU
		{E9B7F6AA-42D4-45F5-AC17-608F48DD2C82}.Debug|Any CPU.Build.0 = Debug|Any CPU
		{E9B7F6AA-42D4-45F5-AC17-608F48DD2C82}.Release|Any CPU.ActiveCfg = Release|Any CPU
		{E9B7F6AA-42D4-45F5-AC17-608F48DD2C82}.Release|Any CPU.Build.0 = Release|Any CPU
	EndGlobalSection
	GlobalSection(SolutionProperties) = preSolution
		HideSolutionNode = FALSE
	EndGlobalSection
	GlobalSection(NestedProjects) = preSolution
		{AB2E8E45-CB99-48FB-A934-04E1266C3071} = {77E845D8-7506-4257-97C7-2C89DE554292}
		{E6636245-1EA0-4F7E-9988-D4BB6AFD9794} = {77E845D8-7506-4257-97C7-2C89DE554292}
		{250604AF-A906-4A45-84F3-8030BF73E9A4} = {77E845D8-7506-4257-97C7-2C89DE554292}
		{B92712C6-3B19-4826-9A19-1B58EEE074B1} = {77E845D8-7506-4257-97C7-2C89DE554292}
		{CE552830-592E-4B2B-97EB-851600DF6CED} = {77E845D8-7506-4257-97C7-2C89DE554292}
		{586221CF-157D-46A0-9177-49C1E90E7927} = {59687B58-8972-45C9-9851-C048C213F185}
		{592B7A46-9F76-46DF-BE8B-2A6A9BC75D1B} = {59687B58-8972-45C9-9851-C048C213F185}
		{1A326AB0-9382-48A0-B604-58EAD5737F98} = {665B99E5-7742-48DD-BC4B-161A9238DE6B}
		{35465B3F-776B-4973-8253-D3A1A88F7929} = {665B99E5-7742-48DD-BC4B-161A9238DE6B}
		{B5041E7C-6045-4D4A-AE79-02F11A2D7CAE} = {665B99E5-7742-48DD-BC4B-161A9238DE6B}
		{E9B7F6AA-42D4-45F5-AC17-608F48DD2C82} = {665B99E5-7742-48DD-BC4B-161A9238DE6B}
	EndGlobalSection
	GlobalSection(ExtensibilityGlobals) = postSolution
		SolutionGuid = {771E83D5-1D31-4C3D-85F3-B066EA1A7F48}
	EndGlobalSection
EndGlobal
